
Microsoft Visual Studio Solution File, Format Version 12.00
# Visual Studio Version 16
VisualStudioVersion = 16.0.30717.126
MinimumVisualStudioVersion = 10.0.40219.1
Project("{9A19103F-16F7-4668-BE54-9A1E7A4F7556}") = "WebMotors.App", "src\WebMotors.App\WebMotors.App.csproj", "{63BB057F-E449-4825-9FD7-C18EAFEB36CE}"
EndProject
Global
	GlobalSection(SolutionConfigurationPlatforms) = preSolution
		Debug|Any CPU = Debug|Any CPU
		Release|Any CPU = Release|Any CPU
	EndGlobalSection
	GlobalSection(ProjectConfigurationPlatforms) = postSolution
		{63BB057F-E449-4825-9FD7-C18EAFEB36CE}.Debug|Any CPU.ActiveCfg = Debug|Any CPU
		{63BB057F-E449-4825-9FD7-C18EAFEB36CE}.Debug|Any CPU.Build.0 = Debug|Any CPU
		{63BB057F-E449-4825-9FD7-C18EAFEB36CE}.Release|Any CPU.ActiveCfg = Release|Any CPU
		{63BB057F-E449-4825-9FD7-C18EAFEB36CE}.Release|Any CPU.Build.0 = Release|Any CPU
	EndGlobalSection
	GlobalSection(SolutionProperties) = preSolution
		HideSolutionNode = FALSE
	EndGlobalSection
	GlobalSection(ExtensibilityGlobals) = postSolution
		SolutionGuid = {EB58ACD7-2ABB-485D-B83E-2410C920C145}
	EndGlobalSection
EndGlobal
